// !$*UTF8*$!
{
	archiveVersion = 1;
	classes = {
	};
	objectVersion = 56;
	objects = {

/* Begin PBXBuildFile section */
		592DD00E2A150FEE00683328 /* ConverterUtility.framework in Frameworks */ = {isa = PBXBuildFile; fileRef = 592DD0052A150FEE00683328 /* ConverterUtility.framework */; };
		592DD0142A150FEE00683328 /* ConverterUtility.h in Headers */ = {isa = PBXBuildFile; fileRef = 592DD0082A150FEE00683328 /* ConverterUtility.h */; settings = {ATTRIBUTES = (Public, ); }; };
		592DD01F2A150FF700683328 /* Currency.swift in Sources */ = {isa = PBXBuildFile; fileRef = 592DD01D2A150FF700683328 /* Currency.swift */; };
		592DD0202A150FF700683328 /* Decoder.swift in Sources */ = {isa = PBXBuildFile; fileRef = 592DD01E2A150FF700683328 /* Decoder.swift */; };
		592DD03F2A1516E800683328 /* DecoderTests.swift in Sources */ = {isa = PBXBuildFile; fileRef = 592DD03E2A1516E800683328 /* DecoderTests.swift */; };
		592DD0412A15183000683328 /* CurrencyTests.swift in Sources */ = {isa = PBXBuildFile; fileRef = 592DD0402A15183000683328 /* CurrencyTests.swift */; };
		592DD0562A16038E00683328 /* Date.swift in Sources */ = {isa = PBXBuildFile; fileRef = 592DD0542A16038E00683328 /* Date.swift */; };
		592DD0572A16038E00683328 /* View.swift in Sources */ = {isa = PBXBuildFile; fileRef = 592DD0552A16038E00683328 /* View.swift */; };
/* End PBXBuildFile section */

/* Begin PBXContainerItemProxy section */
		592DD00F2A150FEE00683328 /* PBXContainerItemProxy */ = {
			isa = PBXContainerItemProxy;
			containerPortal = 592DCFFC2A150FEE00683328 /* Project object */;
			proxyType = 1;
			remoteGlobalIDString = 592DD0042A150FEE00683328;
			remoteInfo = ConverterUtility;
		};
/* End PBXContainerItemProxy section */

/* Begin PBXFileReference section */
		592DD0052A150FEE00683328 /* ConverterUtility.framework */ = {isa = PBXFileReference; explicitFileType = wrapper.framework; includeInIndex = 0; path = ConverterUtility.framework; sourceTree = BUILT_PRODUCTS_DIR; };
		592DD0082A150FEE00683328 /* ConverterUtility.h */ = {isa = PBXFileReference; lastKnownFileType = sourcecode.c.h; path = ConverterUtility.h; sourceTree = "<group>"; };
		592DD00D2A150FEE00683328 /* ConverterUtilityTests.xctest */ = {isa = PBXFileReference; explicitFileType = wrapper.cfbundle; includeInIndex = 0; path = ConverterUtilityTests.xctest; sourceTree = BUILT_PRODUCTS_DIR; };
		592DD01D2A150FF700683328 /* Currency.swift */ = {isa = PBXFileReference; lastKnownFileType = sourcecode.swift; path = Currency.swift; sourceTree = "<group>"; };
		592DD01E2A150FF700683328 /* Decoder.swift */ = {isa = PBXFileReference; lastKnownFileType = sourcecode.swift; path = Decoder.swift; sourceTree = "<group>"; };
		592DD03E2A1516E800683328 /* DecoderTests.swift */ = {isa = PBXFileReference; lastKnownFileType = sourcecode.swift; path = DecoderTests.swift; sourceTree = "<group>"; };
		592DD0402A15183000683328 /* CurrencyTests.swift */ = {isa = PBXFileReference; lastKnownFileType = sourcecode.swift; path = CurrencyTests.swift; sourceTree = "<group>"; };
		592DD0542A16038E00683328 /* Date.swift */ = {isa = PBXFileReference; fileEncoding = 4; lastKnownFileType = sourcecode.swift; path = Date.swift; sourceTree = "<group>"; };
		592DD0552A16038E00683328 /* View.swift */ = {isa = PBXFileReference; fileEncoding = 4; lastKnownFileType = sourcecode.swift; path = View.swift; sourceTree = "<group>"; };
/* End PBXFileReference section */

/* Begin PBXFrameworksBuildPhase section */
		592DD0022A150FEE00683328 /* Frameworks */ = {
			isa = PBXFrameworksBuildPhase;
			buildActionMask = 2147483647;
			files = (
			);
			runOnlyForDeploymentPostprocessing = 0;
		};
		592DD00A2A150FEE00683328 /* Frameworks */ = {
			isa = PBXFrameworksBuildPhase;
			buildActionMask = 2147483647;
			files = (
				592DD00E2A150FEE00683328 /* ConverterUtility.framework in Frameworks */,
			);
			runOnlyForDeploymentPostprocessing = 0;
		};
/* End PBXFrameworksBuildPhase section */

/* Begin PBXGroup section */
		592DCFFB2A150FEE00683328 = {
			isa = PBXGroup;
			children = (
				592DD0072A150FEE00683328 /* ConverterUtility */,
				592DD0112A150FEE00683328 /* ConverterUtilityTests */,
				592DD0062A150FEE00683328 /* Products */,
			);
			sourceTree = "<group>";
		};
		592DD0062A150FEE00683328 /* Products */ = {
			isa = PBXGroup;
			children = (
				592DD0052A150FEE00683328 /* ConverterUtility.framework */,
				592DD00D2A150FEE00683328 /* ConverterUtilityTests.xctest */,
			);
			name = Products;
			sourceTree = "<group>";
		};
		592DD0072A150FEE00683328 /* ConverterUtility */ = {
			isa = PBXGroup;
			children = (
				592DD0352A15131B00683328 /* Extensions */,
				592DD01D2A150FF700683328 /* Currency.swift */,
				592DD01E2A150FF700683328 /* Decoder.swift */,
				592DD0082A150FEE00683328 /* ConverterUtility.h */,
			);
			path = ConverterUtility;
			sourceTree = "<group>";
		};
		592DD0112A150FEE00683328 /* ConverterUtilityTests */ = {
			isa = PBXGroup;
			children = (
				592DD03E2A1516E800683328 /* DecoderTests.swift */,
				592DD0402A15183000683328 /* CurrencyTests.swift */,
			);
			path = ConverterUtilityTests;
			sourceTree = "<group>";
		};
		592DD0352A15131B00683328 /* Extensions */ = {
			isa = PBXGroup;
			children = (
				592DD0542A16038E00683328 /* Date.swift */,
				592DD0552A16038E00683328 /* View.swift */,
			);
			path = Extensions;
			sourceTree = "<group>";
		};
/* End PBXGroup section */

/* Begin PBXHeadersBuildPhase section */
		592DD0002A150FEE00683328 /* Headers */ = {
			isa = PBXHeadersBuildPhase;
			buildActionMask = 2147483647;
			files = (
				592DD0142A150FEE00683328 /* ConverterUtility.h in Headers */,
			);
			runOnlyForDeploymentPostprocessing = 0;
		};
/* End PBXHeadersBuildPhase section */

/* Begin PBXNativeTarget section */
		592DD0042A150FEE00683328 /* ConverterUtility */ = {
			isa = PBXNativeTarget;
			buildConfigurationList = 592DD0172A150FEE00683328 /* Build configuration list for PBXNativeTarget "ConverterUtility" */;
			buildPhases = (
				592DD0002A150FEE00683328 /* Headers */,
				592DD0012A150FEE00683328 /* Sources */,
				592DD0022A150FEE00683328 /* Frameworks */,
				592DD0032A150FEE00683328 /* Resources */,
			);
			buildRules = (
			);
			dependencies = (
			);
			name = ConverterUtility;
			productName = ConverterUtility;
			productReference = 592DD0052A150FEE00683328 /* ConverterUtility.framework */;
			productType = "com.apple.product-type.framework";
		};
		592DD00C2A150FEE00683328 /* ConverterUtilityTests */ = {
			isa = PBXNativeTarget;
			buildConfigurationList = 592DD01A2A150FEE00683328 /* Build configuration list for PBXNativeTarget "ConverterUtilityTests" */;
			buildPhases = (
				592DD0092A150FEE00683328 /* Sources */,
				592DD00A2A150FEE00683328 /* Frameworks */,
				592DD00B2A150FEE00683328 /* Resources */,
			);
			buildRules = (
			);
			dependencies = (
				592DD0102A150FEE00683328 /* PBXTargetDependency */,
			);
			name = ConverterUtilityTests;
			productName = ConverterUtilityTests;
			productReference = 592DD00D2A150FEE00683328 /* ConverterUtilityTests.xctest */;
			productType = "com.apple.product-type.bundle.unit-test";
		};
/* End PBXNativeTarget section */

/* Begin PBXProject section */
		592DCFFC2A150FEE00683328 /* Project object */ = {
			isa = PBXProject;
			attributes = {
				BuildIndependentTargetsInParallel = 1;
				LastSwiftUpdateCheck = 1430;
				LastUpgradeCheck = 1430;
				TargetAttributes = {
					592DD0042A150FEE00683328 = {
						CreatedOnToolsVersion = 14.3;
					};
					592DD00C2A150FEE00683328 = {
						CreatedOnToolsVersion = 14.3;
					};
				};
			};
			buildConfigurationList = 592DCFFF2A150FEE00683328 /* Build configuration list for PBXProject "ConverterUtility" */;
			compatibilityVersion = "Xcode 14.0";
			developmentRegion = en;
			hasScannedForEncodings = 0;
			knownRegions = (
				en,
				Base,
			);
			mainGroup = 592DCFFB2A150FEE00683328;
			productRefGroup = 592DD0062A150FEE00683328 /* Products */;
			projectDirPath = "";
			projectRoot = "";
			targets = (
				592DD0042A150FEE00683328 /* ConverterUtility */,
				592DD00C2A150FEE00683328 /* ConverterUtilityTests */,
			);
		};
/* End PBXProject section */

/* Begin PBXResourcesBuildPhase section */
		592DD0032A150FEE00683328 /* Resources */ = {
			isa = PBXResourcesBuildPhase;
			buildActionMask = 2147483647;
			files = (
			);
			runOnlyForDeploymentPostprocessing = 0;
		};
		592DD00B2A150FEE00683328 /* Resources */ = {
			isa = PBXResourcesBuildPhase;
			buildActionMask = 2147483647;
			files = (
			);
			runOnlyForDeploymentPostprocessing = 0;
		};
/* End PBXResourcesBuildPhase section */

/* Begin PBXSourcesBuildPhase section */
		592DD0012A150FEE00683328 /* Sources */ = {
			isa = PBXSourcesBuildPhase;
			buildActionMask = 2147483647;
			files = (
				592DD0572A16038E00683328 /* View.swift in Sources */,
				592DD0202A150FF700683328 /* Decoder.swift in Sources */,
				592DD0562A16038E00683328 /* Date.swift in Sources */,
				592DD01F2A150FF700683328 /* Currency.swift in Sources */,
			);
			runOnlyForDeploymentPostprocessing = 0;
		};
		592DD0092A150FEE00683328 /* Sources */ = {
			isa = PBXSourcesBuildPhase;
			buildActionMask = 2147483647;
			files = (
				592DD03F2A1516E800683328 /* DecoderTests.swift in Sources */,
				592DD0412A15183000683328 /* CurrencyTests.swift in Sources */,
			);
			runOnlyForDeploymentPostprocessing = 0;
		};
/* End PBXSourcesBuildPhase section */

/* Begin PBXTargetDependency section */
		592DD0102A150FEE00683328 /* PBXTargetDependency */ = {
			isa = PBXTargetDependency;
			target = 592DD0042A150FEE00683328 /* ConverterUtility */;
			targetProxy = 592DD00F2A150FEE00683328 /* PBXContainerItemProxy */;
		};
/* End PBXTargetDependency section */

/* Begin XCBuildConfiguration section */
		592DD0152A150FEE00683328 /* Debug */ = {
			isa = XCBuildConfiguration;
			buildSettings = {
				ALWAYS_SEARCH_USER_PATHS = NO;
				CLANG_ANALYZER_NONNULL = YES;
				CLANG_ANALYZER_NUMBER_OBJECT_CONVERSION = YES_AGGRESSIVE;
				CLANG_CXX_LANGUAGE_STANDARD = "gnu++20";
				CLANG_ENABLE_MODULES = YES;
				CLANG_ENABLE_OBJC_ARC = YES;
				CLANG_ENABLE_OBJC_WEAK = YES;
				CLANG_WARN_BLOCK_CAPTURE_AUTORELEASING = YES;
				CLANG_WARN_BOOL_CONVERSION = YES;
				CLANG_WARN_COMMA = YES;
				CLANG_WARN_CONSTANT_CONVERSION = YES;
				CLANG_WARN_DEPRECATED_OBJC_IMPLEMENTATIONS = YES;
				CLANG_WARN_DIRECT_OBJC_ISA_USAGE = YES_ERROR;
				CLANG_WARN_DOCUMENTATION_COMMENTS = YES;
				CLANG_WARN_EMPTY_BODY = YES;
				CLANG_WARN_ENUM_CONVERSION = YES;
				CLANG_WARN_INFINITE_RECURSION = YES;
				CLANG_WARN_INT_CONVERSION = YES;
				CLANG_WARN_NON_LITERAL_NULL_CONVERSION = YES;
				CLANG_WARN_OBJC_IMPLICIT_RETAIN_SELF = YES;
				CLANG_WARN_OBJC_LITERAL_CONVERSION = YES;
				CLANG_WARN_OBJC_ROOT_CLASS = YES_ERROR;
				CLANG_WARN_QUOTED_INCLUDE_IN_FRAMEWORK_HEADER = YES;
				CLANG_WARN_RANGE_LOOP_ANALYSIS = YES;
				CLANG_WARN_STRICT_PROTOTYPES = YES;
				CLANG_WARN_SUSPICIOUS_MOVE = YES;
				CLANG_WARN_UNGUARDED_AVAILABILITY = YES_AGGRESSIVE;
				CLANG_WARN_UNREACHABLE_CODE = YES;
				CLANG_WARN__DUPLICATE_METHOD_MATCH = YES;
				COPY_PHASE_STRIP = NO;
				CURRENT_PROJECT_VERSION = 1;
				DEBUG_INFORMATION_FORMAT = dwarf;
				ENABLE_STRICT_OBJC_MSGSEND = YES;
				ENABLE_TESTABILITY = YES;
				GCC_C_LANGUAGE_STANDARD = gnu11;
				GCC_DYNAMIC_NO_PIC = NO;
				GCC_NO_COMMON_BLOCKS = YES;
				GCC_OPTIMIZATION_LEVEL = 0;
				GCC_PREPROCESSOR_DEFINITIONS = (
					"DEBUG=1",
					"$(inherited)",
				);
				GCC_WARN_64_TO_32_BIT_CONVERSION = YES;
				GCC_WARN_ABOUT_RETURN_TYPE = YES_ERROR;
				GCC_WARN_UNDECLARED_SELECTOR = YES;
				GCC_WARN_UNINITIALIZED_AUTOS = YES_AGGRESSIVE;
				GCC_WARN_UNUSED_FUNCTION = YES;
				GCC_WARN_UNUSED_VARIABLE = YES;
				IPHONEOS_DEPLOYMENT_TARGET = 16.4;
				MTL_ENABLE_DEBUG_INFO = INCLUDE_SOURCE;
				MTL_FAST_MATH = YES;
				ONLY_ACTIVE_ARCH = YES;
				SDKROOT = iphoneos;
				SWIFT_ACTIVE_COMPILATION_CONDITIONS = DEBUG;
				SWIFT_OPTIMIZATION_LEVEL = "-Onone";
				VERSIONING_SYSTEM = "apple-generic";
				VERSION_INFO_PREFIX = "";
			};
			name = Debug;
		};
		592DD0162A150FEE00683328 /* Release */ = {
			isa = XCBuildConfiguration;
			buildSettings = {
				ALWAYS_SEARCH_USER_PATHS = NO;
				CLANG_ANALYZER_NONNULL = YES;
				CLANG_ANALYZER_NUMBER_OBJECT_CONVERSION = YES_AGGRESSIVE;
				CLANG_CXX_LANGUAGE_STANDARD = "gnu++20";
				CLANG_ENABLE_MODULES = YES;
				CLANG_ENABLE_OBJC_ARC = YES;
				CLANG_ENABLE_OBJC_WEAK = YES;
				CLANG_WARN_BLOCK_CAPTURE_AUTORELEASING = YES;
				CLANG_WARN_BOOL_CONVERSION = YES;
				CLANG_WARN_COMMA = YES;
				CLANG_WARN_CONSTANT_CONVERSION = YES;
				CLANG_WARN_DEPRECATED_OBJC_IMPLEMENTATIONS = YES;
				CLANG_WARN_DIRECT_OBJC_ISA_USAGE = YES_ERROR;
				CLANG_WARN_DOCUMENTATION_COMMENTS = YES;
				CLANG_WARN_EMPTY_BODY = YES;
				CLANG_WARN_ENUM_CONVERSION = YES;
				CLANG_WARN_INFINITE_RECURSION = YES;
				CLANG_WARN_INT_CONVERSION = YES;
				CLANG_WARN_NON_LITERAL_NULL_CONVERSION = YES;
				CLANG_WARN_OBJC_IMPLICIT_RETAIN_SELF = YES;
				CLANG_WARN_OBJC_LITERAL_CONVERSION = YES;
				CLANG_WARN_OBJC_ROOT_CLASS = YES_ERROR;
				CLANG_WARN_QUOTED_INCLUDE_IN_FRAMEWORK_HEADER = YES;
				CLANG_WARN_RANGE_LOOP_ANALYSIS = YES;
				CLANG_WARN_STRICT_PROTOTYPES = YES;
				CLANG_WARN_SUSPICIOUS_MOVE = YES;
				CLANG_WARN_UNGUARDED_AVAILABILITY = YES_AGGRESSIVE;
				CLANG_WARN_UNREACHABLE_CODE = YES;
				CLANG_WARN__DUPLICATE_METHOD_MATCH = YES;
				COPY_PHASE_STRIP = NO;
				CURRENT_PROJECT_VERSION = 1;
				DEBUG_INFORMATION_FORMAT = "dwarf-with-dsym";
				ENABLE_NS_ASSERTIONS = NO;
				ENABLE_STRICT_OBJC_MSGSEND = YES;
				GCC_C_LANGUAGE_STANDARD = gnu11;
				GCC_NO_COMMON_BLOCKS = YES;
				GCC_WARN_64_TO_32_BIT_CONVERSION = YES;
				GCC_WARN_ABOUT_RETURN_TYPE = YES_ERROR;
				GCC_WARN_UNDECLARED_SELECTOR = YES;
				GCC_WARN_UNINITIALIZED_AUTOS = YES_AGGRESSIVE;
				GCC_WARN_UNUSED_FUNCTION = YES;
				GCC_WARN_UNUSED_VARIABLE = YES;
				IPHONEOS_DEPLOYMENT_TARGET = 16.4;
				MTL_ENABLE_DEBUG_INFO = NO;
				MTL_FAST_MATH = YES;
				SDKROOT = iphoneos;
				SWIFT_COMPILATION_MODE = wholemodule;
				SWIFT_OPTIMIZATION_LEVEL = "-O";
				VALIDATE_PRODUCT = YES;
				VERSIONING_SYSTEM = "apple-generic";
				VERSION_INFO_PREFIX = "";
			};
			name = Release;
		};
		592DD0182A150FEE00683328 /* Debug */ = {
			isa = XCBuildConfiguration;
			buildSettings = {
				CODE_SIGN_STYLE = Automatic;
				CURRENT_PROJECT_VERSION = 1;
				DEFINES_MODULE = YES;
				DEVELOPMENT_TEAM = 2C69642RJ3;
				DYLIB_COMPATIBILITY_VERSION = 1;
				DYLIB_CURRENT_VERSION = 1;
				DYLIB_INSTALL_NAME_BASE = "@rpath";
				ENABLE_MODULE_VERIFIER = YES;
				GENERATE_INFOPLIST_FILE = YES;
				INFOPLIST_KEY_NSHumanReadableCopyright = "";
				INSTALL_PATH = "$(LOCAL_LIBRARY_DIR)/Frameworks";
				IPHONEOS_DEPLOYMENT_TARGET = 16.0;
				LD_RUNPATH_SEARCH_PATHS = (
					"$(inherited)",
					"@executable_path/Frameworks",
					"@loader_path/Frameworks",
				);
				MARKETING_VERSION = 1.0;
				MODULE_VERIFIER_SUPPORTED_LANGUAGES = "objective-c objective-c++";
				MODULE_VERIFIER_SUPPORTED_LANGUAGE_STANDARDS = "gnu11 gnu++20";
				PRODUCT_BUNDLE_IDENTIFIER = Franck.ConverterUtility;
				PRODUCT_NAME = "$(TARGET_NAME:c99extidentifier)";
				SKIP_INSTALL = YES;
				SWIFT_EMIT_LOC_STRINGS = YES;
				SWIFT_VERSION = 5.0;
				TARGETED_DEVICE_FAMILY = "1,2";
			};
			name = Debug;
		};
		592DD0192A150FEE00683328 /* Release */ = {
			isa = XCBuildConfiguration;
			buildSettings = {
				CODE_SIGN_STYLE = Automatic;
				CURRENT_PROJECT_VERSION = 1;
				DEFINES_MODULE = YES;
				DEVELOPMENT_TEAM = 2C69642RJ3;
				DYLIB_COMPATIBILITY_VERSION = 1;
				DYLIB_CURRENT_VERSION = 1;
				DYLIB_INSTALL_NAME_BASE = "@rpath";
				ENABLE_MODULE_VERIFIER = YES;
				GENERATE_INFOPLIST_FILE = YES;
				INFOPLIST_KEY_NSHumanReadableCopyright = "";
				INSTALL_PATH = "$(LOCAL_LIBRARY_DIR)/Frameworks";
				IPHONEOS_DEPLOYMENT_TARGET = 16.0;
				LD_RUNPATH_SEARCH_PATHS = (
					"$(inherited)",
					"@executable_path/Frameworks",
					"@loader_path/Frameworks",
				);
				MARKETING_VERSION = 1.0;
				MODULE_VERIFIER_SUPPORTED_LANGUAGES = "objective-c objective-c++";
				MODULE_VERIFIER_SUPPORTED_LANGUAGE_STANDARDS = "gnu11 gnu++20";
				PRODUCT_BUNDLE_IDENTIFIER = Franck.ConverterUtility;
				PRODUCT_NAME = "$(TARGET_NAME:c99extidentifier)";
				SKIP_INSTALL = YES;
				SWIFT_EMIT_LOC_STRINGS = YES;
				SWIFT_VERSION = 5.0;
				TARGETED_DEVICE_FAMILY = "1,2";
			};
			name = Release;
		};
		592DD01B2A150FEE00683328 /* Debug */ = {
			isa = XCBuildConfiguration;
			buildSettings = {
				ALWAYS_EMBED_SWIFT_STANDARD_LIBRARIES = YES;
				CODE_SIGN_STYLE = Automatic;
				CURRENT_PROJECT_VERSION = 1;
				DEVELOPMENT_TEAM = 2C69642RJ3;
				GENERATE_INFOPLIST_FILE = YES;
				MARKETING_VERSION = 1.0;
				PRODUCT_BUNDLE_IDENTIFIER = Franck.ConverterUtilityTests;
				PRODUCT_NAME = "$(TARGET_NAME)";
				SWIFT_EMIT_LOC_STRINGS = NO;
				SWIFT_VERSION = 5.0;
				TARGETED_DEVICE_FAMILY = "1,2";
			};
			name = Debug;
		};
		592DD01C2A150FEE00683328 /* Release */ = {
			isa = XCBuildConfiguration;
			buildSettings = {
				ALWAYS_EMBED_SWIFT_STANDARD_LIBRARIES = YES;
				CODE_SIGN_STYLE = Automatic;
				CURRENT_PROJECT_VERSION = 1;
				DEVELOPMENT_TEAM = 2C69642RJ3;
				GENERATE_INFOPLIST_FILE = YES;
				MARKETING_VERSION = 1.0;
				PRODUCT_BUNDLE_IDENTIFIER = Franck.ConverterUtilityTests;
				PRODUCT_NAME = "$(TARGET_NAME)";
				SWIFT_EMIT_LOC_STRINGS = NO;
				SWIFT_VERSION = 5.0;
				TARGETED_DEVICE_FAMILY = "1,2";
			};
			name = Release;
		};
/* End XCBuildConfiguration section */

/* Begin XCConfigurationList section */
		592DCFFF2A150FEE00683328 /* Build configuration list for PBXProject "ConverterUtility" */ = {
			isa = XCConfigurationList;
			buildConfigurations = (
				592DD0152A150FEE00683328 /* Debug */,
				592DD0162A150FEE00683328 /* Release */,
			);
			defaultConfigurationIsVisible = 0;
			defaultConfigurationName = Release;
		};
		592DD0172A150FEE00683328 /* Build configuration list for PBXNativeTarget "ConverterUtility" */ = {
			isa = XCConfigurationList;
			buildConfigurations = (
				592DD0182A150FEE00683328 /* Debug */,
				592DD0192A150FEE00683328 /* Release */,
			);
			defaultConfigurationIsVisible = 0;
			defaultConfigurationName = Release;
		};
		592DD01A2A150FEE00683328 /* Build configuration list for PBXNativeTarget "ConverterUtilityTests" */ = {
			isa = XCConfigurationList;
			buildConfigurations = (
				592DD01B2A150FEE00683328 /* Debug */,
				592DD01C2A150FEE00683328 /* Release */,
			);
			defaultConfigurationIsVisible = 0;
			defaultConfigurationName = Release;
		};
/* End XCConfigurationList section */
	};
	rootObject = 592DCFFC2A150FEE00683328 /* Project object */;
}
