// !$*UTF8*$!
{
	archiveVersion = 1;
	classes = {
	};
	objectVersion = 56;
	objects = {

/* Begin PBXBuildFile section */
		592A4BBE2A0ED6E600A93EFC /* View.swift in Sources */ = {isa = PBXBuildFile; fileRef = 592A4BBD2A0ED6E500A93EFC /* View.swift */; };
		592A4BC02A0EDAE100A93EFC /* ContentViewModelTests.swift in Sources */ = {isa = PBXBuildFile; fileRef = 592A4BBF2A0EDAE100A93EFC /* ContentViewModelTests.swift */; };
		59409E722A0E566B00B7AED4 /* converterApp.swift in Sources */ = {isa = PBXBuildFile; fileRef = 59409E712A0E566B00B7AED4 /* converterApp.swift */; };
		59409E742A0E566B00B7AED4 /* ContentView.swift in Sources */ = {isa = PBXBuildFile; fileRef = 59409E732A0E566B00B7AED4 /* ContentView.swift */; };
		59409E762A0E566F00B7AED4 /* Assets.xcassets in Resources */ = {isa = PBXBuildFile; fileRef = 59409E752A0E566F00B7AED4 /* Assets.xcassets */; };
		59409E792A0E566F00B7AED4 /* Preview Assets.xcassets in Resources */ = {isa = PBXBuildFile; fileRef = 59409E782A0E566F00B7AED4 /* Preview Assets.xcassets */; };
		59409E832A0E566F00B7AED4 /* converterTests.swift in Sources */ = {isa = PBXBuildFile; fileRef = 59409E822A0E566F00B7AED4 /* converterTests.swift */; };
		59409E9C2A0E56B200B7AED4 /* ExchangeRatesService.swift in Sources */ = {isa = PBXBuildFile; fileRef = 59409E9B2A0E56B200B7AED4 /* ExchangeRatesService.swift */; };
		59409E9E2A0E57A600B7AED4 /* ExchangeRatesRoute.swift in Sources */ = {isa = PBXBuildFile; fileRef = 59409E9D2A0E57A600B7AED4 /* ExchangeRatesRoute.swift */; };
		59409EA32A0E6E4000B7AED4 /* Date.swift in Sources */ = {isa = PBXBuildFile; fileRef = 59409EA22A0E6E4000B7AED4 /* Date.swift */; };
		59409EA62A0E701900B7AED4 /* Storage.swift in Sources */ = {isa = PBXBuildFile; fileRef = 59409EA52A0E701900B7AED4 /* Storage.swift */; };
		59409EA82A0E748A00B7AED4 /* Constant.swift in Sources */ = {isa = PBXBuildFile; fileRef = 59409EA72A0E748A00B7AED4 /* Constant.swift */; };
		59409EAB2A0E777300B7AED4 /* Loadable.swift in Sources */ = {isa = PBXBuildFile; fileRef = 59409EAA2A0E777300B7AED4 /* Loadable.swift */; };
		59409EAD2A0E779A00B7AED4 /* ExchangeRates.swift in Sources */ = {isa = PBXBuildFile; fileRef = 59409EAC2A0E779A00B7AED4 /* ExchangeRates.swift */; };
		59409EB02A0E782600B7AED4 /* ServiceAPI.swift in Sources */ = {isa = PBXBuildFile; fileRef = 59409EAF2A0E782600B7AED4 /* ServiceAPI.swift */; };
		59409EB22A0E786D00B7AED4 /* DateExtensionsTests.swift in Sources */ = {isa = PBXBuildFile; fileRef = 59409EB12A0E786D00B7AED4 /* DateExtensionsTests.swift */; };
		59409EB52A0E795300B7AED4 /* StorageStub.swift in Sources */ = {isa = PBXBuildFile; fileRef = 59409EB42A0E795300B7AED4 /* StorageStub.swift */; };
		59409EB72A0E7B1600B7AED4 /* ExchangeRatesServiceTest.swift in Sources */ = {isa = PBXBuildFile; fileRef = 59409EB62A0E7B1600B7AED4 /* ExchangeRatesServiceTest.swift */; };
		59409EBA2A0E7C9E00B7AED4 /* LatestMock.swift in Sources */ = {isa = PBXBuildFile; fileRef = 59409EB92A0E7C9E00B7AED4 /* LatestMock.swift */; };
		59409EBC2A0E865A00B7AED4 /* IOServiceStub.swift in Sources */ = {isa = PBXBuildFile; fileRef = 59409EBB2A0E865A00B7AED4 /* IOServiceStub.swift */; };
		59409EBE2A0E929F00B7AED4 /* Injector.swift in Sources */ = {isa = PBXBuildFile; fileRef = 59409EBD2A0E929E00B7AED4 /* Injector.swift */; };
		5956B9992A129453005972E6 /* Service.swift in Sources */ = {isa = PBXBuildFile; fileRef = 5956B9982A129453005972E6 /* Service.swift */; };
		5956B9A32A129EE5005972E6 /* Currency.swift in Sources */ = {isa = PBXBuildFile; fileRef = 5956B9A22A129EE5005972E6 /* Currency.swift */; };
		59A734C42A12A7E20045CA0F /* AmountSelectionView.swift in Sources */ = {isa = PBXBuildFile; fileRef = 595984B22A12A46800F74C55 /* AmountSelectionView.swift */; };
		59A734C52A12A7E20045CA0F /* CurrencyRow.swift in Sources */ = {isa = PBXBuildFile; fileRef = 595984B12A12A46700F74C55 /* CurrencyRow.swift */; };
		59A734C62A12A7E20045CA0F /* ErrorView.swift in Sources */ = {isa = PBXBuildFile; fileRef = 595984B42A12A46900F74C55 /* ErrorView.swift */; };
		59A734C72A12A7E20045CA0F /* LastViewed.swift in Sources */ = {isa = PBXBuildFile; fileRef = 595984B32A12A46800F74C55 /* LastViewed.swift */; };
		59A734C82A12A7E20045CA0F /* LoadingView.swift in Sources */ = {isa = PBXBuildFile; fileRef = 595984B52A12A46900F74C55 /* LoadingView.swift */; };
/* End PBXBuildFile section */

/* Begin PBXContainerItemProxy section */
		59409E7F2A0E566F00B7AED4 /* PBXContainerItemProxy */ = {
			isa = PBXContainerItemProxy;
			containerPortal = 59409E662A0E566B00B7AED4 /* Project object */;
			proxyType = 1;
			remoteGlobalIDString = 59409E6D2A0E566B00B7AED4;
			remoteInfo = converter;
		};
/* End PBXContainerItemProxy section */

/* Begin PBXCopyFilesBuildPhase section */
		5956B9B92A12A2C1005972E6 /* Embed Frameworks */ = {
			isa = PBXCopyFilesBuildPhase;
			buildActionMask = 2147483647;
			dstPath = "";
			dstSubfolderSpec = 10;
			files = (
			);
			name = "Embed Frameworks";
			runOnlyForDeploymentPostprocessing = 0;
		};
/* End PBXCopyFilesBuildPhase section */

/* Begin PBXFileReference section */
		592A4BBD2A0ED6E500A93EFC /* View.swift */ = {isa = PBXFileReference; lastKnownFileType = sourcecode.swift; path = View.swift; sourceTree = "<group>"; };
		592A4BBF2A0EDAE100A93EFC /* ContentViewModelTests.swift */ = {isa = PBXFileReference; lastKnownFileType = sourcecode.swift; path = ContentViewModelTests.swift; sourceTree = "<group>"; };
		59409E6E2A0E566B00B7AED4 /* converter.app */ = {isa = PBXFileReference; explicitFileType = wrapper.application; includeInIndex = 0; path = converter.app; sourceTree = BUILT_PRODUCTS_DIR; };
		59409E712A0E566B00B7AED4 /* converterApp.swift */ = {isa = PBXFileReference; lastKnownFileType = sourcecode.swift; path = converterApp.swift; sourceTree = "<group>"; };
		59409E732A0E566B00B7AED4 /* ContentView.swift */ = {isa = PBXFileReference; lastKnownFileType = sourcecode.swift; path = ContentView.swift; sourceTree = "<group>"; };
		59409E752A0E566F00B7AED4 /* Assets.xcassets */ = {isa = PBXFileReference; lastKnownFileType = folder.assetcatalog; path = Assets.xcassets; sourceTree = "<group>"; };
		59409E782A0E566F00B7AED4 /* Preview Assets.xcassets */ = {isa = PBXFileReference; lastKnownFileType = folder.assetcatalog; path = "Preview Assets.xcassets"; sourceTree = "<group>"; };
		59409E7E2A0E566F00B7AED4 /* converterTests.xctest */ = {isa = PBXFileReference; explicitFileType = wrapper.cfbundle; includeInIndex = 0; path = converterTests.xctest; sourceTree = BUILT_PRODUCTS_DIR; };
		59409E822A0E566F00B7AED4 /* converterTests.swift */ = {isa = PBXFileReference; lastKnownFileType = sourcecode.swift; path = converterTests.swift; sourceTree = "<group>"; };
		59409E9B2A0E56B200B7AED4 /* ExchangeRatesService.swift */ = {isa = PBXFileReference; lastKnownFileType = sourcecode.swift; path = ExchangeRatesService.swift; sourceTree = "<group>"; };
		59409E9D2A0E57A600B7AED4 /* ExchangeRatesRoute.swift */ = {isa = PBXFileReference; lastKnownFileType = sourcecode.swift; path = ExchangeRatesRoute.swift; sourceTree = "<group>"; };
		59409EA22A0E6E4000B7AED4 /* Date.swift */ = {isa = PBXFileReference; lastKnownFileType = sourcecode.swift; path = Date.swift; sourceTree = "<group>"; };
		59409EA52A0E701900B7AED4 /* Storage.swift */ = {isa = PBXFileReference; lastKnownFileType = sourcecode.swift; path = Storage.swift; sourceTree = "<group>"; };
		59409EA72A0E748A00B7AED4 /* Constant.swift */ = {isa = PBXFileReference; lastKnownFileType = sourcecode.swift; path = Constant.swift; sourceTree = "<group>"; };
		59409EAA2A0E777300B7AED4 /* Loadable.swift */ = {isa = PBXFileReference; lastKnownFileType = sourcecode.swift; path = Loadable.swift; sourceTree = "<group>"; };
		59409EAC2A0E779A00B7AED4 /* ExchangeRates.swift */ = {isa = PBXFileReference; lastKnownFileType = sourcecode.swift; path = ExchangeRates.swift; sourceTree = "<group>"; };
		59409EAF2A0E782600B7AED4 /* ServiceAPI.swift */ = {isa = PBXFileReference; lastKnownFileType = sourcecode.swift; path = ServiceAPI.swift; sourceTree = "<group>"; };
		59409EB12A0E786D00B7AED4 /* DateExtensionsTests.swift */ = {isa = PBXFileReference; lastKnownFileType = sourcecode.swift; path = DateExtensionsTests.swift; sourceTree = "<group>"; };
		59409EB42A0E795300B7AED4 /* StorageStub.swift */ = {isa = PBXFileReference; lastKnownFileType = sourcecode.swift; path = StorageStub.swift; sourceTree = "<group>"; };
		59409EB62A0E7B1600B7AED4 /* ExchangeRatesServiceTest.swift */ = {isa = PBXFileReference; lastKnownFileType = sourcecode.swift; path = ExchangeRatesServiceTest.swift; sourceTree = "<group>"; };
		59409EB92A0E7C9E00B7AED4 /* LatestMock.swift */ = {isa = PBXFileReference; lastKnownFileType = sourcecode.swift; path = LatestMock.swift; sourceTree = "<group>"; };
		59409EBB2A0E865A00B7AED4 /* IOServiceStub.swift */ = {isa = PBXFileReference; lastKnownFileType = sourcecode.swift; path = IOServiceStub.swift; sourceTree = "<group>"; };
		59409EBD2A0E929E00B7AED4 /* Injector.swift */ = {isa = PBXFileReference; lastKnownFileType = sourcecode.swift; path = Injector.swift; sourceTree = "<group>"; };
		5956B9982A129453005972E6 /* Service.swift */ = {isa = PBXFileReference; lastKnownFileType = sourcecode.swift; path = Service.swift; sourceTree = "<group>"; };
		5956B9A22A129EE5005972E6 /* Currency.swift */ = {isa = PBXFileReference; lastKnownFileType = sourcecode.swift; path = Currency.swift; sourceTree = "<group>"; };
		595984B12A12A46700F74C55 /* CurrencyRow.swift */ = {isa = PBXFileReference; fileEncoding = 4; lastKnownFileType = sourcecode.swift; path = CurrencyRow.swift; sourceTree = "<group>"; };
		595984B22A12A46800F74C55 /* AmountSelectionView.swift */ = {isa = PBXFileReference; fileEncoding = 4; lastKnownFileType = sourcecode.swift; path = AmountSelectionView.swift; sourceTree = "<group>"; };
		595984B32A12A46800F74C55 /* LastViewed.swift */ = {isa = PBXFileReference; fileEncoding = 4; lastKnownFileType = sourcecode.swift; path = LastViewed.swift; sourceTree = "<group>"; };
		595984B42A12A46900F74C55 /* ErrorView.swift */ = {isa = PBXFileReference; fileEncoding = 4; lastKnownFileType = sourcecode.swift; path = ErrorView.swift; sourceTree = "<group>"; };
		595984B52A12A46900F74C55 /* LoadingView.swift */ = {isa = PBXFileReference; fileEncoding = 4; lastKnownFileType = sourcecode.swift; path = LoadingView.swift; sourceTree = "<group>"; };
/* End PBXFileReference section */

/* Begin PBXFrameworksBuildPhase section */
		59409E6B2A0E566B00B7AED4 /* Frameworks */ = {
			isa = PBXFrameworksBuildPhase;
			buildActionMask = 2147483647;
			files = (
			);
			runOnlyForDeploymentPostprocessing = 0;
		};
		59409E7B2A0E566F00B7AED4 /* Frameworks */ = {
			isa = PBXFrameworksBuildPhase;
			buildActionMask = 2147483647;
			files = (
			);
			runOnlyForDeploymentPostprocessing = 0;
		};
/* End PBXFrameworksBuildPhase section */

/* Begin PBXGroup section */
		59409E652A0E566B00B7AED4 = {
			isa = PBXGroup;
			children = (
				59409E702A0E566B00B7AED4 /* converter */,
				59409E812A0E566F00B7AED4 /* converterTests */,
				59409E6F2A0E566B00B7AED4 /* Products */,
			);
			sourceTree = "<group>";
		};
		59409E6F2A0E566B00B7AED4 /* Products */ = {
			isa = PBXGroup;
			children = (
				59409E6E2A0E566B00B7AED4 /* converter.app */,
				59409E7E2A0E566F00B7AED4 /* converterTests.xctest */,
			);
			name = Products;
			sourceTree = "<group>";
		};
		59409E702A0E566B00B7AED4 /* converter */ = {
			isa = PBXGroup;
			children = (
				5956B9A12A129ED4005972E6 /* Utils */,
				5956B99A2A129530005972E6 /* View */,
				5956B9962A1292F6005972E6 /* Networking */,
				59409EAE2A0E77DE00B7AED4 /* Service */,
				59409EA92A0E776400B7AED4 /* Models */,
				59409EA42A0E700B00B7AED4 /* Storage */,
				59409EA12A0E6E2F00B7AED4 /* Extensions */,
				59409E712A0E566B00B7AED4 /* converterApp.swift */,
				59409E752A0E566F00B7AED4 /* Assets.xcassets */,
				59409E772A0E566F00B7AED4 /* Preview Content */,
				59409EA72A0E748A00B7AED4 /* Constant.swift */,
				59409EBD2A0E929E00B7AED4 /* Injector.swift */,
			);
			path = converter;
			sourceTree = "<group>";
		};
		59409E772A0E566F00B7AED4 /* Preview Content */ = {
			isa = PBXGroup;
			children = (
				59409E782A0E566F00B7AED4 /* Preview Assets.xcassets */,
			);
			path = "Preview Content";
			sourceTree = "<group>";
		};
		59409E812A0E566F00B7AED4 /* converterTests */ = {
			isa = PBXGroup;
			children = (
				59409EB82A0E7C7D00B7AED4 /* Mock */,
				59409EB32A0E794400B7AED4 /* Stub */,
				59409E822A0E566F00B7AED4 /* converterTests.swift */,
				59409EB12A0E786D00B7AED4 /* DateExtensionsTests.swift */,
				59409EB62A0E7B1600B7AED4 /* ExchangeRatesServiceTest.swift */,
				592A4BBF2A0EDAE100A93EFC /* ContentViewModelTests.swift */,
			);
			path = converterTests;
			sourceTree = "<group>";
		};
		59409EA12A0E6E2F00B7AED4 /* Extensions */ = {
			isa = PBXGroup;
			children = (
				592A4BBD2A0ED6E500A93EFC /* View.swift */,
				59409EA22A0E6E4000B7AED4 /* Date.swift */,
			);
			path = Extensions;
			sourceTree = "<group>";
		};
		59409EA42A0E700B00B7AED4 /* Storage */ = {
			isa = PBXGroup;
			children = (
				59409EA52A0E701900B7AED4 /* Storage.swift */,
			);
			path = Storage;
			sourceTree = "<group>";
		};
		59409EA92A0E776400B7AED4 /* Models */ = {
			isa = PBXGroup;
			children = (
				5956B9972A129303005972E6 /* APIModels */,
				59409E9D2A0E57A600B7AED4 /* ExchangeRatesRoute.swift */,
				59409EAA2A0E777300B7AED4 /* Loadable.swift */,
			);
			path = Models;
			sourceTree = "<group>";
		};
		59409EAE2A0E77DE00B7AED4 /* Service */ = {
			isa = PBXGroup;
			children = (
				59409E9B2A0E56B200B7AED4 /* ExchangeRatesService.swift */,
				5956B9982A129453005972E6 /* Service.swift */,
			);
			path = Service;
			sourceTree = "<group>";
		};
		59409EB32A0E794400B7AED4 /* Stub */ = {
			isa = PBXGroup;
			children = (
				59409EB42A0E795300B7AED4 /* StorageStub.swift */,
				59409EBB2A0E865A00B7AED4 /* IOServiceStub.swift */,
			);
			path = Stub;
			sourceTree = "<group>";
		};
		59409EB82A0E7C7D00B7AED4 /* Mock */ = {
			isa = PBXGroup;
			children = (
				59409EB92A0E7C9E00B7AED4 /* LatestMock.swift */,
			);
			path = Mock;
			sourceTree = "<group>";
		};
		5956B9962A1292F6005972E6 /* Networking */ = {
			isa = PBXGroup;
			children = (
				59409EAF2A0E782600B7AED4 /* ServiceAPI.swift */,
			);
			path = Networking;
			sourceTree = "<group>";
		};
		5956B9972A129303005972E6 /* APIModels */ = {
			isa = PBXGroup;
			children = (
				59409EAC2A0E779A00B7AED4 /* ExchangeRates.swift */,
			);
			path = APIModels;
			sourceTree = "<group>";
		};
		5956B99A2A129530005972E6 /* View */ = {
			isa = PBXGroup;
			children = (
				597560672A12A739001D81E8 /* ComponentView */,
				59409E732A0E566B00B7AED4 /* ContentView.swift */,
			);
			path = View;
			sourceTree = "<group>";
		};
		5956B9A12A129ED4005972E6 /* Utils */ = {
			isa = PBXGroup;
			children = (
				5956B9A22A129EE5005972E6 /* Currency.swift */,
			);
			path = Utils;
			sourceTree = "<group>";
		};
		597560672A12A739001D81E8 /* ComponentView */ = {
			isa = PBXGroup;
			children = (
				595984B22A12A46800F74C55 /* AmountSelectionView.swift */,
				595984B12A12A46700F74C55 /* CurrencyRow.swift */,
				595984B42A12A46900F74C55 /* ErrorView.swift */,
				595984B32A12A46800F74C55 /* LastViewed.swift */,
				595984B52A12A46900F74C55 /* LoadingView.swift */,
			);
			path = ComponentView;
			sourceTree = "<group>";
		};
/* End PBXGroup section */

/* Begin PBXNativeTarget section */
		59409E6D2A0E566B00B7AED4 /* converter */ = {
			isa = PBXNativeTarget;
			buildConfigurationList = 59409E922A0E566F00B7AED4 /* Build configuration list for PBXNativeTarget "converter" */;
			buildPhases = (
				59409E6A2A0E566B00B7AED4 /* Sources */,
				59409E6B2A0E566B00B7AED4 /* Frameworks */,
				59409E6C2A0E566B00B7AED4 /* Resources */,
				5956B9B92A12A2C1005972E6 /* Embed Frameworks */,
			);
			buildRules = (
			);
			dependencies = (
			);
			name = converter;
			productName = converter;
			productReference = 59409E6E2A0E566B00B7AED4 /* converter.app */;
			productType = "com.apple.product-type.application";
		};
		59409E7D2A0E566F00B7AED4 /* converterTests */ = {
			isa = PBXNativeTarget;
			buildConfigurationList = 59409E952A0E566F00B7AED4 /* Build configuration list for PBXNativeTarget "converterTests" */;
			buildPhases = (
				59409E7A2A0E566F00B7AED4 /* Sources */,
				59409E7B2A0E566F00B7AED4 /* Frameworks */,
				59409E7C2A0E566F00B7AED4 /* Resources */,
			);
			buildRules = (
			);
			dependencies = (
				59409E802A0E566F00B7AED4 /* PBXTargetDependency */,
			);
			name = converterTests;
			productName = converterTests;
			productReference = 59409E7E2A0E566F00B7AED4 /* converterTests.xctest */;
			productType = "com.apple.product-type.bundle.unit-test";
		};
/* End PBXNativeTarget section */

/* Begin PBXProject section */
		59409E662A0E566B00B7AED4 /* Project object */ = {
			isa = PBXProject;
			attributes = {
				BuildIndependentTargetsInParallel = 1;
				LastSwiftUpdateCheck = 1430;
				LastUpgradeCheck = 1420;
				TargetAttributes = {
					59409E6D2A0E566B00B7AED4 = {
						CreatedOnToolsVersion = 14.2;
					};
					59409E7D2A0E566F00B7AED4 = {
						CreatedOnToolsVersion = 14.2;
						TestTargetID = 59409E6D2A0E566B00B7AED4;
					};
				};
			};
			buildConfigurationList = 59409E692A0E566B00B7AED4 /* Build configuration list for PBXProject "converter" */;
			compatibilityVersion = "Xcode 14.0";
			developmentRegion = en;
			hasScannedForEncodings = 0;
			knownRegions = (
				en,
				Base,
			);
			mainGroup = 59409E652A0E566B00B7AED4;
			productRefGroup = 59409E6F2A0E566B00B7AED4 /* Products */;
			projectDirPath = "";
			projectRoot = "";
			targets = (
				59409E6D2A0E566B00B7AED4 /* converter */,
				59409E7D2A0E566F00B7AED4 /* converterTests */,
			);
		};
/* End PBXProject section */

/* Begin PBXResourcesBuildPhase section */
		59409E6C2A0E566B00B7AED4 /* Resources */ = {
			isa = PBXResourcesBuildPhase;
			buildActionMask = 2147483647;
			files = (
				59409E792A0E566F00B7AED4 /* Preview Assets.xcassets in Resources */,
				59409E762A0E566F00B7AED4 /* Assets.xcassets in Resources */,
			);
			runOnlyForDeploymentPostprocessing = 0;
		};
		59409E7C2A0E566F00B7AED4 /* Resources */ = {
			isa = PBXResourcesBuildPhase;
			buildActionMask = 2147483647;
			files = (
			);
			runOnlyForDeploymentPostprocessing = 0;
		};
/* End PBXResourcesBuildPhase section */

/* Begin PBXSourcesBuildPhase section */
		59409E6A2A0E566B00B7AED4 /* Sources */ = {
			isa = PBXSourcesBuildPhase;
			buildActionMask = 2147483647;
			files = (
				59A734C42A12A7E20045CA0F /* AmountSelectionView.swift in Sources */,
				59A734C52A12A7E20045CA0F /* CurrencyRow.swift in Sources */,
				59A734C62A12A7E20045CA0F /* ErrorView.swift in Sources */,
				59A734C72A12A7E20045CA0F /* LastViewed.swift in Sources */,
				59A734C82A12A7E20045CA0F /* LoadingView.swift in Sources */,
				59409EB02A0E782600B7AED4 /* ServiceAPI.swift in Sources */,
				5956B9992A129453005972E6 /* Service.swift in Sources */,
				59409EA82A0E748A00B7AED4 /* Constant.swift in Sources */,
				59409E742A0E566B00B7AED4 /* ContentView.swift in Sources */,
				59409EA32A0E6E4000B7AED4 /* Date.swift in Sources */,
				59409E722A0E566B00B7AED4 /* converterApp.swift in Sources */,
				59409EBE2A0E929F00B7AED4 /* Injector.swift in Sources */,
				59409E9E2A0E57A600B7AED4 /* ExchangeRatesRoute.swift in Sources */,
				59409EAB2A0E777300B7AED4 /* Loadable.swift in Sources */,
				592A4BBE2A0ED6E600A93EFC /* View.swift in Sources */,
				59409E9C2A0E56B200B7AED4 /* ExchangeRatesService.swift in Sources */,
				5956B9A32A129EE5005972E6 /* Currency.swift in Sources */,
				59409EAD2A0E779A00B7AED4 /* ExchangeRates.swift in Sources */,
				59409EA62A0E701900B7AED4 /* Storage.swift in Sources */,
			);
			runOnlyForDeploymentPostprocessing = 0;
		};
		59409E7A2A0E566F00B7AED4 /* Sources */ = {
			isa = PBXSourcesBuildPhase;
			buildActionMask = 2147483647;
			files = (
				59409EBC2A0E865A00B7AED4 /* IOServiceStub.swift in Sources */,
				59409EBA2A0E7C9E00B7AED4 /* LatestMock.swift in Sources */,
				59409EB72A0E7B1600B7AED4 /* ExchangeRatesServiceTest.swift in Sources */,
				59409E832A0E566F00B7AED4 /* converterTests.swift in Sources */,
				59409EB22A0E786D00B7AED4 /* DateExtensionsTests.swift in Sources */,
				59409EB52A0E795300B7AED4 /* StorageStub.swift in Sources */,
				592A4BC02A0EDAE100A93EFC /* ContentViewModelTests.swift in Sources */,
			);
			runOnlyForDeploymentPostprocessing = 0;
		};
/* End PBXSourcesBuildPhase section */

/* Begin PBXTargetDependency section */
		59409E802A0E566F00B7AED4 /* PBXTargetDependency */ = {
			isa = PBXTargetDependency;
			target = 59409E6D2A0E566B00B7AED4 /* converter */;
			targetProxy = 59409E7F2A0E566F00B7AED4 /* PBXContainerItemProxy */;
		};
/* End PBXTargetDependency section */

/* Begin XCBuildConfiguration section */
		59409E902A0E566F00B7AED4 /* Debug */ = {
			isa = XCBuildConfiguration;
			buildSettings = {
				ALWAYS_SEARCH_USER_PATHS = NO;
				CLANG_ANALYZER_NONNULL = YES;
				CLANG_ANALYZER_NUMBER_OBJECT_CONVERSION = YES_AGGRESSIVE;
				CLANG_CXX_LANGUAGE_STANDARD = "gnu++20";
				CLANG_ENABLE_MODULES = YES;
				CLANG_ENABLE_OBJC_ARC = YES;
				CLANG_ENABLE_OBJC_WEAK = YES;
				CLANG_WARN_BLOCK_CAPTURE_AUTORELEASING = YES;
				CLANG_WARN_BOOL_CONVERSION = YES;
				CLANG_WARN_COMMA = YES;
				CLANG_WARN_CONSTANT_CONVERSION = YES;
				CLANG_WARN_DEPRECATED_OBJC_IMPLEMENTATIONS = YES;
				CLANG_WARN_DIRECT_OBJC_ISA_USAGE = YES_ERROR;
				CLANG_WARN_DOCUMENTATION_COMMENTS = YES;
				CLANG_WARN_EMPTY_BODY = YES;
				CLANG_WARN_ENUM_CONVERSION = YES;
				CLANG_WARN_INFINITE_RECURSION = YES;
				CLANG_WARN_INT_CONVERSION = YES;
				CLANG_WARN_NON_LITERAL_NULL_CONVERSION = YES;
				CLANG_WARN_OBJC_IMPLICIT_RETAIN_SELF = YES;
				CLANG_WARN_OBJC_LITERAL_CONVERSION = YES;
				CLANG_WARN_OBJC_ROOT_CLASS = YES_ERROR;
				CLANG_WARN_QUOTED_INCLUDE_IN_FRAMEWORK_HEADER = YES;
				CLANG_WARN_RANGE_LOOP_ANALYSIS = YES;
				CLANG_WARN_STRICT_PROTOTYPES = YES;
				CLANG_WARN_SUSPICIOUS_MOVE = YES;
				CLANG_WARN_UNGUARDED_AVAILABILITY = YES_AGGRESSIVE;
				CLANG_WARN_UNREACHABLE_CODE = YES;
				CLANG_WARN__DUPLICATE_METHOD_MATCH = YES;
				COPY_PHASE_STRIP = NO;
				DEBUG_INFORMATION_FORMAT = dwarf;
				ENABLE_STRICT_OBJC_MSGSEND = YES;
				ENABLE_TESTABILITY = YES;
				GCC_C_LANGUAGE_STANDARD = gnu11;
				GCC_DYNAMIC_NO_PIC = NO;
				GCC_NO_COMMON_BLOCKS = YES;
				GCC_OPTIMIZATION_LEVEL = 0;
				GCC_PREPROCESSOR_DEFINITIONS = (
					"DEBUG=1",
					"$(inherited)",
				);
				GCC_WARN_64_TO_32_BIT_CONVERSION = YES;
				GCC_WARN_ABOUT_RETURN_TYPE = YES_ERROR;
				GCC_WARN_UNDECLARED_SELECTOR = YES;
				GCC_WARN_UNINITIALIZED_AUTOS = YES_AGGRESSIVE;
				GCC_WARN_UNUSED_FUNCTION = YES;
				GCC_WARN_UNUSED_VARIABLE = YES;
				IPHONEOS_DEPLOYMENT_TARGET = 16.0;
				MTL_ENABLE_DEBUG_INFO = INCLUDE_SOURCE;
				MTL_FAST_MATH = YES;
				ONLY_ACTIVE_ARCH = YES;
				SDKROOT = iphoneos;
				SWIFT_ACTIVE_COMPILATION_CONDITIONS = DEBUG;
				SWIFT_OPTIMIZATION_LEVEL = "-Onone";
			};
			name = Debug;
		};
		59409E912A0E566F00B7AED4 /* Release */ = {
			isa = XCBuildConfiguration;
			buildSettings = {
				ALWAYS_SEARCH_USER_PATHS = NO;
				CLANG_ANALYZER_NONNULL = YES;
				CLANG_ANALYZER_NUMBER_OBJECT_CONVERSION = YES_AGGRESSIVE;
				CLANG_CXX_LANGUAGE_STANDARD = "gnu++20";
				CLANG_ENABLE_MODULES = YES;
				CLANG_ENABLE_OBJC_ARC = YES;
				CLANG_ENABLE_OBJC_WEAK = YES;
				CLANG_WARN_BLOCK_CAPTURE_AUTORELEASING = YES;
				CLANG_WARN_BOOL_CONVERSION = YES;
				CLANG_WARN_COMMA = YES;
				CLANG_WARN_CONSTANT_CONVERSION = YES;
				CLANG_WARN_DEPRECATED_OBJC_IMPLEMENTATIONS = YES;
				CLANG_WARN_DIRECT_OBJC_ISA_USAGE = YES_ERROR;
				CLANG_WARN_DOCUMENTATION_COMMENTS = YES;
				CLANG_WARN_EMPTY_BODY = YES;
				CLANG_WARN_ENUM_CONVERSION = YES;
				CLANG_WARN_INFINITE_RECURSION = YES;
				CLANG_WARN_INT_CONVERSION = YES;
				CLANG_WARN_NON_LITERAL_NULL_CONVERSION = YES;
				CLANG_WARN_OBJC_IMPLICIT_RETAIN_SELF = YES;
				CLANG_WARN_OBJC_LITERAL_CONVERSION = YES;
				CLANG_WARN_OBJC_ROOT_CLASS = YES_ERROR;
				CLANG_WARN_QUOTED_INCLUDE_IN_FRAMEWORK_HEADER = YES;
				CLANG_WARN_RANGE_LOOP_ANALYSIS = YES;
				CLANG_WARN_STRICT_PROTOTYPES = YES;
				CLANG_WARN_SUSPICIOUS_MOVE = YES;
				CLANG_WARN_UNGUARDED_AVAILABILITY = YES_AGGRESSIVE;
				CLANG_WARN_UNREACHABLE_CODE = YES;
				CLANG_WARN__DUPLICATE_METHOD_MATCH = YES;
				COPY_PHASE_STRIP = NO;
				DEBUG_INFORMATION_FORMAT = "dwarf-with-dsym";
				ENABLE_NS_ASSERTIONS = NO;
				ENABLE_STRICT_OBJC_MSGSEND = YES;
				GCC_C_LANGUAGE_STANDARD = gnu11;
				GCC_NO_COMMON_BLOCKS = YES;
				GCC_WARN_64_TO_32_BIT_CONVERSION = YES;
				GCC_WARN_ABOUT_RETURN_TYPE = YES_ERROR;
				GCC_WARN_UNDECLARED_SELECTOR = YES;
				GCC_WARN_UNINITIALIZED_AUTOS = YES_AGGRESSIVE;
				GCC_WARN_UNUSED_FUNCTION = YES;
				GCC_WARN_UNUSED_VARIABLE = YES;
				IPHONEOS_DEPLOYMENT_TARGET = 16.0;
				MTL_ENABLE_DEBUG_INFO = NO;
				MTL_FAST_MATH = YES;
				SDKROOT = iphoneos;
				SWIFT_COMPILATION_MODE = wholemodule;
				SWIFT_OPTIMIZATION_LEVEL = "-O";
				VALIDATE_PRODUCT = YES;
			};
			name = Release;
		};
		59409E932A0E566F00B7AED4 /* Debug */ = {
			isa = XCBuildConfiguration;
			buildSettings = {
				ALWAYS_EMBED_SWIFT_STANDARD_LIBRARIES = YES;
				ASSETCATALOG_COMPILER_APPICON_NAME = AppIcon;
				ASSETCATALOG_COMPILER_GLOBAL_ACCENT_COLOR_NAME = AccentColor;
				CODE_SIGN_STYLE = Automatic;
				CURRENT_PROJECT_VERSION = 1;
				DEVELOPMENT_ASSET_PATHS = "\"converter/Preview Content\"";
				DEVELOPMENT_TEAM = 5C45NA77B4;
				ENABLE_PREVIEWS = YES;
				GENERATE_INFOPLIST_FILE = YES;
				INFOPLIST_KEY_UIApplicationSceneManifest_Generation = YES;
				INFOPLIST_KEY_UIApplicationSupportsIndirectInputEvents = YES;
				INFOPLIST_KEY_UILaunchScreen_Generation = YES;
				INFOPLIST_KEY_UISupportedInterfaceOrientations_iPad = "UIInterfaceOrientationPortrait UIInterfaceOrientationPortraitUpsideDown UIInterfaceOrientationLandscapeLeft UIInterfaceOrientationLandscapeRight";
				INFOPLIST_KEY_UISupportedInterfaceOrientations_iPhone = "UIInterfaceOrientationPortrait UIInterfaceOrientationLandscapeLeft UIInterfaceOrientationLandscapeRight";
				LD_RUNPATH_SEARCH_PATHS = (
					"$(inherited)",
					"@executable_path/Frameworks",
				);
				MARKETING_VERSION = 1.0;
				PRODUCT_BUNDLE_IDENTIFIER = ekonoo.converter;
				PRODUCT_NAME = "$(TARGET_NAME)";
				SWIFT_EMIT_LOC_STRINGS = YES;
				SWIFT_VERSION = 5.0;
				TARGETED_DEVICE_FAMILY = "1,2";
			};
			name = Debug;
		};
		59409E942A0E566F00B7AED4 /* Release */ = {
			isa = XCBuildConfiguration;
			buildSettings = {
				ALWAYS_EMBED_SWIFT_STANDARD_LIBRARIES = YES;
				ASSETCATALOG_COMPILER_APPICON_NAME = AppIcon;
				ASSETCATALOG_COMPILER_GLOBAL_ACCENT_COLOR_NAME = AccentColor;
				CODE_SIGN_STYLE = Automatic;
				CURRENT_PROJECT_VERSION = 1;
				DEVELOPMENT_ASSET_PATHS = "\"converter/Preview Content\"";
				DEVELOPMENT_TEAM = 5C45NA77B4;
				ENABLE_PREVIEWS = YES;
				GENERATE_INFOPLIST_FILE = YES;
				INFOPLIST_KEY_UIApplicationSceneManifest_Generation = YES;
				INFOPLIST_KEY_UIApplicationSupportsIndirectInputEvents = YES;
				INFOPLIST_KEY_UILaunchScreen_Generation = YES;
				INFOPLIST_KEY_UISupportedInterfaceOrientations_iPad = "UIInterfaceOrientationPortrait UIInterfaceOrientationPortraitUpsideDown UIInterfaceOrientationLandscapeLeft UIInterfaceOrientationLandscapeRight";
				INFOPLIST_KEY_UISupportedInterfaceOrientations_iPhone = "UIInterfaceOrientationPortrait UIInterfaceOrientationLandscapeLeft UIInterfaceOrientationLandscapeRight";
				LD_RUNPATH_SEARCH_PATHS = (
					"$(inherited)",
					"@executable_path/Frameworks",
				);
				MARKETING_VERSION = 1.0;
				PRODUCT_BUNDLE_IDENTIFIER = ekonoo.converter;
				PRODUCT_NAME = "$(TARGET_NAME)";
				SWIFT_EMIT_LOC_STRINGS = YES;
				SWIFT_VERSION = 5.0;
				TARGETED_DEVICE_FAMILY = "1,2";
			};
			name = Release;
		};
		59409E962A0E566F00B7AED4 /* Debug */ = {
			isa = XCBuildConfiguration;
			buildSettings = {
				ALWAYS_EMBED_SWIFT_STANDARD_LIBRARIES = YES;
				BUNDLE_LOADER = "$(TEST_HOST)";
				CODE_SIGN_STYLE = Automatic;
				CURRENT_PROJECT_VERSION = 1;
				DEVELOPMENT_TEAM = 5C45NA77B4;
				GENERATE_INFOPLIST_FILE = YES;
				IPHONEOS_DEPLOYMENT_TARGET = 16.2;
				MARKETING_VERSION = 1.0;
				PRODUCT_BUNDLE_IDENTIFIER = ekonoo.converterTests;
				PRODUCT_NAME = "$(TARGET_NAME)";
				SWIFT_EMIT_LOC_STRINGS = NO;
				SWIFT_VERSION = 5.0;
				TARGETED_DEVICE_FAMILY = "1,2";
				TEST_HOST = "$(BUILT_PRODUCTS_DIR)/converter.app/$(BUNDLE_EXECUTABLE_FOLDER_PATH)/converter";
			};
			name = Debug;
		};
		59409E972A0E566F00B7AED4 /* Release */ = {
			isa = XCBuildConfiguration;
			buildSettings = {
				ALWAYS_EMBED_SWIFT_STANDARD_LIBRARIES = YES;
				BUNDLE_LOADER = "$(TEST_HOST)";
				CODE_SIGN_STYLE = Automatic;
				CURRENT_PROJECT_VERSION = 1;
				DEVELOPMENT_TEAM = 5C45NA77B4;
				GENERATE_INFOPLIST_FILE = YES;
				IPHONEOS_DEPLOYMENT_TARGET = 16.2;
				MARKETING_VERSION = 1.0;
				PRODUCT_BUNDLE_IDENTIFIER = ekonoo.converterTests;
				PRODUCT_NAME = "$(TARGET_NAME)";
				SWIFT_EMIT_LOC_STRINGS = NO;
				SWIFT_VERSION = 5.0;
				TARGETED_DEVICE_FAMILY = "1,2";
				TEST_HOST = "$(BUILT_PRODUCTS_DIR)/converter.app/$(BUNDLE_EXECUTABLE_FOLDER_PATH)/converter";
			};
			name = Release;
		};
/* End XCBuildConfiguration section */

/* Begin XCConfigurationList section */
		59409E692A0E566B00B7AED4 /* Build configuration list for PBXProject "converter" */ = {
			isa = XCConfigurationList;
			buildConfigurations = (
				59409E902A0E566F00B7AED4 /* Debug */,
				59409E912A0E566F00B7AED4 /* Release */,
			);
			defaultConfigurationIsVisible = 0;
			defaultConfigurationName = Release;
		};
		59409E922A0E566F00B7AED4 /* Build configuration list for PBXNativeTarget "converter" */ = {
			isa = XCConfigurationList;
			buildConfigurations = (
				59409E932A0E566F00B7AED4 /* Debug */,
				59409E942A0E566F00B7AED4 /* Release */,
			);
			defaultConfigurationIsVisible = 0;
			defaultConfigurationName = Release;
		};
		59409E952A0E566F00B7AED4 /* Build configuration list for PBXNativeTarget "converterTests" */ = {
			isa = XCConfigurationList;
			buildConfigurations = (
				59409E962A0E566F00B7AED4 /* Debug */,
				59409E972A0E566F00B7AED4 /* Release */,
			);
			defaultConfigurationIsVisible = 0;
			defaultConfigurationName = Release;
		};
/* End XCConfigurationList section */
	};
	rootObject = 59409E662A0E566B00B7AED4 /* Project object */;
}
